
Microsoft Visual Studio Solution File, Format Version 12.00
# Visual Studio 15
VisualStudioVersion = 15.0.27703.2047
MinimumVisualStudioVersion = 10.0.40219.1
Project("{FAE04EC0-301F-11D3-BF4B-00C04F79EFBC}") = "Exercise 124", "Exercise 124\Exercise 124.csproj", "{F1EAD5A6-CEAC-4BD1-8A6F-8CD5012FE339}"
EndProject
Global
	GlobalSection(SolutionConfigurationPlatforms) = preSolution
		Debug|Any CPU = Debug|Any CPU
		Release|Any CPU = Release|Any CPU
	EndGlobalSection
	GlobalSection(ProjectConfigurationPlatforms) = postSolution
		{F1EAD5A6-CEAC-4BD1-8A6F-8CD5012FE339}.Debug|Any CPU.ActiveCfg = Debug|Any CPU
		{F1EAD5A6-CEAC-4BD1-8A6F-8CD5012FE339}.Debug|Any CPU.Build.0 = Debug|Any CPU
		{F1EAD5A6-CEAC-4BD1-8A6F-8CD5012FE339}.Release|Any CPU.ActiveCfg = Release|Any CPU
		{F1EAD5A6-CEAC-4BD1-8A6F-8CD5012FE339}.Release|Any CPU.Build.0 = Release|Any CPU
	EndGlobalSection
	GlobalSection(SolutionProperties) = preSolution
		HideSolutionNode = FALSE
	EndGlobalSection
	GlobalSection(ExtensibilityGlobals) = postSolution
		SolutionGuid = {FCF8CA56-4AEE-4EEA-AE8D-F3894B8FEB90}
	EndGlobalSection
EndGlobal
