
Microsoft Visual Studio Solution File, Format Version 12.00
# Visual Studio 15
VisualStudioVersion = 15.0.27703.2042
MinimumVisualStudioVersion = 10.0.40219.1
Project("{FAE04EC0-301F-11D3-BF4B-00C04F79EFBC}") = "AnonymousIncomeComparisonProgram", "AnonymousIncomeComparisonProgram\AnonymousIncomeComparisonProgram.csproj", "{DC2326DA-DB31-47BC-BC03-6B378ABAEE65}"
EndProject
Global
	GlobalSection(SolutionConfigurationPlatforms) = preSolution
		Debug|Any CPU = Debug|Any CPU
		Release|Any CPU = Release|Any CPU
	EndGlobalSection
	GlobalSection(ProjectConfigurationPlatforms) = postSolution
		{DC2326DA-DB31-47BC-BC03-6B378ABAEE65}.Debug|Any CPU.ActiveCfg = Debug|Any CPU
		{DC2326DA-DB31-47BC-BC03-6B378ABAEE65}.Debug|Any CPU.Build.0 = Debug|Any CPU
		{DC2326DA-DB31-47BC-BC03-6B378ABAEE65}.Release|Any CPU.ActiveCfg = Release|Any CPU
		{DC2326DA-DB31-47BC-BC03-6B378ABAEE65}.Release|Any CPU.Build.0 = Release|Any CPU
	EndGlobalSection
	GlobalSection(SolutionProperties) = preSolution
		HideSolutionNode = FALSE
	EndGlobalSection
	GlobalSection(ExtensibilityGlobals) = postSolution
		SolutionGuid = {11EA2735-33CC-40BE-AA84-6A36ED86C02C}
	EndGlobalSection
EndGlobal
