
Microsoft Visual Studio Solution File, Format Version 12.00
# Visual Studio 15
VisualStudioVersion = 15.0.27703.2047
MinimumVisualStudioVersion = 10.0.40219.1
Project("{FAE04EC0-301F-11D3-BF4B-00C04F79EFBC}") = "Exercise156_DateTime", "Exercise156_DateTime\Exercise156_DateTime.csproj", "{ED719CF0-B86A-4729-B356-56291713760D}"
EndProject
Global
	GlobalSection(SolutionConfigurationPlatforms) = preSolution
		Debug|Any CPU = Debug|Any CPU
		Release|Any CPU = Release|Any CPU
	EndGlobalSection
	GlobalSection(ProjectConfigurationPlatforms) = postSolution
		{ED719CF0-B86A-4729-B356-56291713760D}.Debug|Any CPU.ActiveCfg = Debug|Any CPU
		{ED719CF0-B86A-4729-B356-56291713760D}.Debug|Any CPU.Build.0 = Debug|Any CPU
		{ED719CF0-B86A-4729-B356-56291713760D}.Release|Any CPU.ActiveCfg = Release|Any CPU
		{ED719CF0-B86A-4729-B356-56291713760D}.Release|Any CPU.Build.0 = Release|Any CPU
	EndGlobalSection
	GlobalSection(SolutionProperties) = preSolution
		HideSolutionNode = FALSE
	EndGlobalSection
	GlobalSection(ExtensibilityGlobals) = postSolution
		SolutionGuid = {F724A3F8-FC0C-48BE-B313-2C0684D85D20}
	EndGlobalSection
EndGlobal
