
Microsoft Visual Studio Solution File, Format Version 12.00
# Visual Studio 15
VisualStudioVersion = 15.0.27703.2047
MinimumVisualStudioVersion = 10.0.40219.1
Project("{FAE04EC0-301F-11D3-BF4B-00C04F79EFBC}") = "IntegerCruncherExercise", "IntegerCruncherExercise\IntegerCruncherExercise.csproj", "{A091A2A8-EFA3-4A30-90A4-3E40534148D1}"
EndProject
Global
	GlobalSection(SolutionConfigurationPlatforms) = preSolution
		Debug|Any CPU = Debug|Any CPU
		Release|Any CPU = Release|Any CPU
	EndGlobalSection
	GlobalSection(ProjectConfigurationPlatforms) = postSolution
		{A091A2A8-EFA3-4A30-90A4-3E40534148D1}.Debug|Any CPU.ActiveCfg = Debug|Any CPU
		{A091A2A8-EFA3-4A30-90A4-3E40534148D1}.Debug|Any CPU.Build.0 = Debug|Any CPU
		{A091A2A8-EFA3-4A30-90A4-3E40534148D1}.Release|Any CPU.ActiveCfg = Release|Any CPU
		{A091A2A8-EFA3-4A30-90A4-3E40534148D1}.Release|Any CPU.Build.0 = Release|Any CPU
	EndGlobalSection
	GlobalSection(SolutionProperties) = preSolution
		HideSolutionNode = FALSE
	EndGlobalSection
	GlobalSection(ExtensibilityGlobals) = postSolution
		SolutionGuid = {8A8BDF2A-3B8C-43BD-9DBE-95F850E28E3D}
	EndGlobalSection
EndGlobal
