
Microsoft Visual Studio Solution File, Format Version 12.00
# Visual Studio 15
VisualStudioVersion = 15.0.27703.2042
MinimumVisualStudioVersion = 10.0.40219.1
Project("{FAE04EC0-301F-11D3-BF4B-00C04F79EFBC}") = "Accounting project", "Accounting project\Accounting project.csproj", "{A8A42E51-504C-4667-B981-D30D81700713}"
EndProject
Global
	GlobalSection(SolutionConfigurationPlatforms) = preSolution
		Debug|Any CPU = Debug|Any CPU
		Release|Any CPU = Release|Any CPU
	EndGlobalSection
	GlobalSection(ProjectConfigurationPlatforms) = postSolution
		{A8A42E51-504C-4667-B981-D30D81700713}.Debug|Any CPU.ActiveCfg = Debug|Any CPU
		{A8A42E51-504C-4667-B981-D30D81700713}.Debug|Any CPU.Build.0 = Debug|Any CPU
		{A8A42E51-504C-4667-B981-D30D81700713}.Release|Any CPU.ActiveCfg = Release|Any CPU
		{A8A42E51-504C-4667-B981-D30D81700713}.Release|Any CPU.Build.0 = Release|Any CPU
	EndGlobalSection
	GlobalSection(SolutionProperties) = preSolution
		HideSolutionNode = FALSE
	EndGlobalSection
	GlobalSection(ExtensibilityGlobals) = postSolution
		SolutionGuid = {9B31D4CD-C5FB-4DC4-9067-418CEB5A06ED}
	EndGlobalSection
EndGlobal
