
Microsoft Visual Studio Solution File, Format Version 12.00
# Visual Studio 15
VisualStudioVersion = 15.0.27703.2047
MinimumVisualStudioVersion = 10.0.40219.1
Project("{FAE04EC0-301F-11D3-BF4B-00C04F79EFBC}") = "Exercise120", "Exercise120\Exercise120.csproj", "{1A14D98B-D17E-4AA3-8499-3662E4A1ABF1}"
EndProject
Global
	GlobalSection(SolutionConfigurationPlatforms) = preSolution
		Debug|Any CPU = Debug|Any CPU
		Release|Any CPU = Release|Any CPU
	EndGlobalSection
	GlobalSection(ProjectConfigurationPlatforms) = postSolution
		{1A14D98B-D17E-4AA3-8499-3662E4A1ABF1}.Debug|Any CPU.ActiveCfg = Debug|Any CPU
		{1A14D98B-D17E-4AA3-8499-3662E4A1ABF1}.Debug|Any CPU.Build.0 = Debug|Any CPU
		{1A14D98B-D17E-4AA3-8499-3662E4A1ABF1}.Release|Any CPU.ActiveCfg = Release|Any CPU
		{1A14D98B-D17E-4AA3-8499-3662E4A1ABF1}.Release|Any CPU.Build.0 = Release|Any CPU
	EndGlobalSection
	GlobalSection(SolutionProperties) = preSolution
		HideSolutionNode = FALSE
	EndGlobalSection
	GlobalSection(ExtensibilityGlobals) = postSolution
		SolutionGuid = {702C0E3C-A548-4295-812E-FEE78E621453}
	EndGlobalSection
EndGlobal
